{
  "name": "skipthestories",
  "version": "1.0.0",
  "lockfileVersion": 3,
  "requires": true,
  "packages": {
    "": {
      "name": "skipthestories",
      "version": "1.0.0",
      "license": "MIT",
      "dependencies": {
        "htmx.org": "^1.8.6"
      }
    },
    "node_modules/htmx.org": {
      "version": "1.8.6",
      "resolved": "https://registry.npmjs.org/htmx.org/-/htmx.org-1.8.6.tgz",
      "integrity": "sha512-88U8qwaIs4sZjzZvHgAX62B6qZoEdQNSYCRHARtYhSrk+iCUd3al8/0CrLwD8Tephsoodsf0gN9NbRrrmlJIfw=="
    }
  }
}
